// !$*UTF8*$!
{
	archiveVersion = 1;
	classes = {
	};
	objectVersion = 46;
	objects = {

/* Begin PBXBuildFile section */
		EB8D7EAD15EEA6D700BDD470 /* UIKit.framework in Frameworks */ = {isa = PBXBuildFile; fileRef = EB8D7EAC15EEA6D700BDD470 /* UIKit.framework */; };
		EB8D7EAF15EEA6D700BDD470 /* Foundation.framework in Frameworks */ = {isa = PBXBuildFile; fileRef = EB8D7EAE15EEA6D700BDD470 /* Foundation.framework */; };
		EB8D7EB115EEA6D700BDD470 /* CoreGraphics.framework in Frameworks */ = {isa = PBXBuildFile; fileRef = EB8D7EB015EEA6D700BDD470 /* CoreGraphics.framework */; };
		EB8D7EB715EEA6D700BDD470 /* InfoPlist.strings in Resources */ = {isa = PBXBuildFile; fileRef = EB8D7EB515EEA6D700BDD470 /* InfoPlist.strings */; };
		EB8D7EB915EEA6D700BDD470 /* main.m in Sources */ = {isa = PBXBuildFile; fileRef = EB8D7EB815EEA6D700BDD470 /* main.m */; };
		EB8D7EBD15EEA6D700BDD470 /* HelloWorldAppDelegate.m in Sources */ = {isa = PBXBuildFile; fileRef = EB8D7EBC15EEA6D700BDD470 /* HelloWorldAppDelegate.m */; };
		EB8D7EC015EEA6D700BDD470 /* MainStoryboard.storyboard in Resources */ = {isa = PBXBuildFile; fileRef = EB8D7EBE15EEA6D700BDD470 /* MainStoryboard.storyboard */; };
		EB8D7EC315EEA6D700BDD470 /* HelloWorldViewController.m in Sources */ = {isa = PBXBuildFile; fileRef = EB8D7EC215EEA6D700BDD470 /* HelloWorldViewController.m */; };
/* End PBXBuildFile section */

/* Begin PBXFileReference section */
		EB8D7EA815EEA6D700BDD470 /* HelloWorld.app */ = {isa = PBXFileReference; explicitFileType = wrapper.application; includeInIndex = 0; path = HelloWorld.app; sourceTree = BUILT_PRODUCTS_DIR; };
		EB8D7EAC15EEA6D700BDD470 /* UIKit.framework */ = {isa = PBXFileReference; lastKnownFileType = wrapper.framework; name = UIKit.framework; path = System/Library/Frameworks/UIKit.framework; sourceTree = SDKROOT; };
		EB8D7EAE15EEA6D700BDD470 /* Foundation.framework */ = {isa = PBXFileReference; lastKnownFileType = wrapper.framework; name = Foundation.framework; path = System/Library/Frameworks/Foundation.framework; sourceTree = SDKROOT; };
		EB8D7EB015EEA6D700BDD470 /* CoreGraphics.framework */ = {isa = PBXFileReference; lastKnownFileType = wrapper.framework; name = CoreGraphics.framework; path = System/Library/Frameworks/CoreGraphics.framework; sourceTree = SDKROOT; };
		EB8D7EB415EEA6D700BDD470 /* HelloWorld-Info.plist */ = {isa = PBXFileReference; lastKnownFileType = text.plist.xml; path = "HelloWorld-Info.plist"; sourceTree = "<group>"; };
		EB8D7EB615EEA6D700BDD470 /* en */ = {isa = PBXFileReference; lastKnownFileType = text.plist.strings; name = en; path = en.lproj/InfoPlist.strings; sourceTree = "<group>"; };
		EB8D7EB815EEA6D700BDD470 /* main.m */ = {isa = PBXFileReference; lastKnownFileType = sourcecode.c.objc; path = main.m; sourceTree = "<group>"; };
		EB8D7EBA15EEA6D700BDD470 /* HelloWorld-Prefix.pch */ = {isa = PBXFileReference; lastKnownFileType = sourcecode.c.h; path = "HelloWorld-Prefix.pch"; sourceTree = "<group>"; };
		EB8D7EBB15EEA6D700BDD470 /* HelloWorldAppDelegate.h */ = {isa = PBXFileReference; lastKnownFileType = sourcecode.c.h; path = HelloWorldAppDelegate.h; sourceTree = "<group>"; };
		EB8D7EBC15EEA6D700BDD470 /* HelloWorldAppDelegate.m */ = {isa = PBXFileReference; lastKnownFileType = sourcecode.c.objc; path = HelloWorldAppDelegate.m; sourceTree = "<group>"; };
		EB8D7EBF15EEA6D700BDD470 /* en */ = {isa = PBXFileReference; lastKnownFileType = file.storyboard; name = en; path = en.lproj/MainStoryboard.storyboard; sourceTree = "<group>"; };
		EB8D7EC115EEA6D700BDD470 /* HelloWorldViewController.h */ = {isa = PBXFileReference; lastKnownFileType = sourcecode.c.h; path = HelloWorldViewController.h; sourceTree = "<group>"; };
		EB8D7EC215EEA6D700BDD470 /* HelloWorldViewController.m */ = {isa = PBXFileReference; lastKnownFileType = sourcecode.c.objc; path = HelloWorldViewController.m; sourceTree = "<group>"; };
/* End PBXFileReference section */

/* Begin PBXFrameworksBuildPhase section */
		EB8D7EA515EEA6D700BDD470 /* Frameworks */ = {
			isa = PBXFrameworksBuildPhase;
			buildActionMask = 2147483647;
			files = (
				EB8D7EAD15EEA6D700BDD470 /* UIKit.framework in Frameworks */,
				EB8D7EAF15EEA6D700BDD470 /* Foundation.framework in Frameworks */,
				EB8D7EB115EEA6D700BDD470 /* CoreGraphics.framework in Frameworks */,
			);
			runOnlyForDeploymentPostprocessing = 0;
		};
/* End PBXFrameworksBuildPhase section */

/* Begin PBXGroup section */
		EB8D7E9D15EEA6D700BDD470 = {
			isa = PBXGroup;
			children = (
				EB8D7EB215EEA6D700BDD470 /* HelloWorld */,
				EB8D7EAB15EEA6D700BDD470 /* Frameworks */,
				EB8D7EA915EEA6D700BDD470 /* Products */,
			);
			sourceTree = "<group>";
		};
		EB8D7EA915EEA6D700BDD470 /* Products */ = {
			isa = PBXGroup;
			children = (
				EB8D7EA815EEA6D700BDD470 /* HelloWorld.app */,
			);
			name = Products;
			sourceTree = "<group>";
		};
		EB8D7EAB15EEA6D700BDD470 /* Frameworks */ = {
			isa = PBXGroup;
			children = (
				EB8D7EAC15EEA6D700BDD470 /* UIKit.framework */,
				EB8D7EAE15EEA6D700BDD470 /* Foundation.framework */,
				EB8D7EB015EEA6D700BDD470 /* CoreGraphics.framework */,
			);
			name = Frameworks;
			sourceTree = "<group>";
		};
		EB8D7EB215EEA6D700BDD470 /* HelloWorld */ = {
			isa = PBXGroup;
			children = (
				EB8D7EBB15EEA6D700BDD470 /* HelloWorldAppDelegate.h */,
				EB8D7EBC15EEA6D700BDD470 /* HelloWorldAppDelegate.m */,
				EB8D7EBE15EEA6D700BDD470 /* MainStoryboard.storyboard */,
				EB8D7EC115EEA6D700BDD470 /* HelloWorldViewController.h */,
				EB8D7EC215EEA6D700BDD470 /* HelloWorldViewController.m */,
				EB8D7EB315EEA6D700BDD470 /* Supporting Files */,
			);
			path = HelloWorld;
			sourceTree = "<group>";
		};
		EB8D7EB315EEA6D700BDD470 /* Supporting Files */ = {
			isa = PBXGroup;
			children = (
				EB8D7EB415EEA6D700BDD470 /* HelloWorld-Info.plist */,
				EB8D7EB515EEA6D700BDD470 /* InfoPlist.strings */,
				EB8D7EB815EEA6D700BDD470 /* main.m */,
				EB8D7EBA15EEA6D700BDD470 /* HelloWorld-Prefix.pch */,
			);
			name = "Supporting Files";
			sourceTree = "<group>";
		};
/* End PBXGroup section */

/* Begin PBXNativeTarget section */
		EB8D7EA715EEA6D700BDD470 /* HelloWorld */ = {
			isa = PBXNativeTarget;
			buildConfigurationList = EB8D7EC615EEA6D700BDD470 /* Build configuration list for PBXNativeTarget "HelloWorld" */;
			buildPhases = (
				EB8D7EA415EEA6D700BDD470 /* Sources */,
				EB8D7EA515EEA6D700BDD470 /* Frameworks */,
				EB8D7EA615EEA6D700BDD470 /* Resources */,
			);
			buildRules = (
			);
			dependencies = (
			);
			name = HelloWorld;
			productName = HelloWorld;
			productReference = EB8D7EA815EEA6D700BDD470 /* HelloWorld.app */;
			productType = "com.apple.product-type.application";
		};
/* End PBXNativeTarget section */

/* Begin PBXProject section */
		EB8D7E9F15EEA6D700BDD470 /* Project object */ = {
			isa = PBXProject;
			attributes = {
				CLASSPREFIX = HelloWorld;
				LastUpgradeCheck = 0440;
				ORGANIZATIONNAME = "Muto Toshio";
			};
			buildConfigurationList = EB8D7EA215EEA6D700BDD470 /* Build configuration list for PBXProject "HelloWorld" */;
			compatibilityVersion = "Xcode 3.2";
			developmentRegion = English;
			hasScannedForEncodings = 0;
			knownRegions = (
				en,
			);
			mainGroup = EB8D7E9D15EEA6D700BDD470;
			productRefGroup = EB8D7EA915EEA6D700BDD470 /* Products */;
			projectDirPath = "";
			projectRoot = "";
			targets = (
				EB8D7EA715EEA6D700BDD470 /* HelloWorld */,
			);
		};
/* End PBXProject section */

/* Begin PBXResourcesBuildPhase section */
		EB8D7EA615EEA6D700BDD470 /* Resources */ = {
			isa = PBXResourcesBuildPhase;
			buildActionMask = 2147483647;
			files = (
				EB8D7EB715EEA6D700BDD470 /* InfoPlist.strings in Resources */,
				EB8D7EC015EEA6D700BDD470 /* MainStoryboard.storyboard in Resources */,
			);
			runOnlyForDeploymentPostprocessing = 0;
		};
/* End PBXResourcesBuildPhase section */

/* Begin PBXSourcesBuildPhase section */
		EB8D7EA415EEA6D700BDD470 /* Sources */ = {
			isa = PBXSourcesBuildPhase;
			buildActionMask = 2147483647;
			files = (
				EB8D7EB915EEA6D700BDD470 /* main.m in Sources */,
				EB8D7EBD15EEA6D700BDD470 /* HelloWorldAppDelegate.m in Sources */,
				EB8D7EC315EEA6D700BDD470 /* HelloWorldViewController.m in Sources */,
			);
			runOnlyForDeploymentPostprocessing = 0;
		};
/* End PBXSourcesBuildPhase section */

/* Begin PBXVariantGroup section */
		EB8D7EB515EEA6D700BDD470 /* InfoPlist.strings */ = {
			isa = PBXVariantGroup;
			children = (
				EB8D7EB615EEA6D700BDD470 /* en */,
			);
			name = InfoPlist.strings;
			sourceTree = "<group>";
		};
		EB8D7EBE15EEA6D700BDD470 /* MainStoryboard.storyboard */ = {
			isa = PBXVariantGroup;
			children = (
				EB8D7EBF15EEA6D700BDD470 /* en */,
			);
			name = MainStoryboard.storyboard;
			sourceTree = "<group>";
		};
/* End PBXVariantGroup section */

/* Begin XCBuildConfiguration section */
		EB8D7EC415EEA6D700BDD470 /* Debug */ = {
			isa = XCBuildConfiguration;
			buildSettings = {
				ALWAYS_SEARCH_USER_PATHS = NO;
				ARCHS = "$(ARCHS_STANDARD_32_BIT)";
				CLANG_CXX_LANGUAGE_STANDARD = "gnu++0x";
				CLANG_ENABLE_OBJC_ARC = YES;
				CLANG_WARN__DUPLICATE_METHOD_MATCH = YES;
				"CODE_SIGN_IDENTITY[sdk=iphoneos*]" = "iPhone Developer";
				COPY_PHASE_STRIP = NO;
				GCC_C_LANGUAGE_STANDARD = gnu99;
				GCC_DYNAMIC_NO_PIC = NO;
				GCC_OPTIMIZATION_LEVEL = 0;
				GCC_PREPROCESSOR_DEFINITIONS = (
					"DEBUG=1",
					"$(inherited)",
				);
				GCC_SYMBOLS_PRIVATE_EXTERN = NO;
				GCC_VERSION = com.apple.compilers.llvm.clang.1_0;
				GCC_WARN_ABOUT_RETURN_TYPE = YES;
				GCC_WARN_UNINITIALIZED_AUTOS = YES;
				GCC_WARN_UNUSED_VARIABLE = YES;
				IPHONEOS_DEPLOYMENT_TARGET = 5.1;
				SDKROOT = iphoneos;
			};
			name = Debug;
		};
		EB8D7EC515EEA6D700BDD470 /* Release */ = {
			isa = XCBuildConfiguration;
			buildSettings = {
				ALWAYS_SEARCH_USER_PATHS = NO;
				ARCHS = "$(ARCHS_STANDARD_32_BIT)";
				CLANG_CXX_LANGUAGE_STANDARD = "gnu++0x";
				CLANG_ENABLE_OBJC_ARC = YES;
				CLANG_WARN__DUPLICATE_METHOD_MATCH = YES;
				"CODE_SIGN_IDENTITY[sdk=iphoneos*]" = "iPhone Developer";
				COPY_PHASE_STRIP = YES;
				GCC_C_LANGUAGE_STANDARD = gnu99;
				GCC_VERSION = com.apple.compilers.llvm.clang.1_0;
				GCC_WARN_ABOUT_RETURN_TYPE = YES;
				GCC_WARN_UNINITIALIZED_AUTOS = YES;
				GCC_WARN_UNUSED_VARIABLE = YES;
				IPHONEOS_DEPLOYMENT_TARGET = 5.1;
				OTHER_CFLAGS = "-DNS_BLOCK_ASSERTIONS=1";
				SDKROOT = iphoneos;
				VALIDATE_PRODUCT = YES;
			};
			name = Release;
		};
		EB8D7EC715EEA6D700BDD470 /* Debug */ = {
			isa = XCBuildConfiguration;
			buildSettings = {
				GCC_PRECOMPILE_PREFIX_HEADER = YES;
				GCC_PREFIX_HEADER = "HelloWorld/HelloWorld-Prefix.pch";
				INFOPLIST_FILE = "HelloWorld/HelloWorld-Info.plist";
				PRODUCT_NAME = "$(TARGET_NAME)";
				WRAPPER_EXTENSION = app;
			};
			name = Debug;
		};
		EB8D7EC815EEA6D700BDD470 /* Release */ = {
			isa = XCBuildConfiguration;
			buildSettings = {
				GCC_PRECOMPILE_PREFIX_HEADER = YES;
				GCC_PREFIX_HEADER = "HelloWorld/HelloWorld-Prefix.pch";
				INFOPLIST_FILE = "HelloWorld/HelloWorld-Info.plist";
				PRODUCT_NAME = "$(TARGET_NAME)";
				WRAPPER_EXTENSION = app;
			};
			name = Release;
		};
/* End XCBuildConfiguration section */

/* Begin XCConfigurationList section */
		EB8D7EA215EEA6D700BDD470 /* Build configuration list for PBXProject "HelloWorld" */ = {
			isa = XCConfigurationList;
			buildConfigurations = (
				EB8D7EC415EEA6D700BDD470 /* Debug */,
				EB8D7EC515EEA6D700BDD470 /* Release */,
			);
			defaultConfigurationIsVisible = 0;
			defaultConfigurationName = Release;
		};
		EB8D7EC615EEA6D700BDD470 /* Build configuration list for PBXNativeTarget "HelloWorld" */ = {
			isa = XCConfigurationList;
			buildConfigurations = (
				EB8D7EC715EEA6D700BDD470 /* Debug */,
				EB8D7EC815EEA6D700BDD470 /* Release */,
			);
			defaultConfigurationIsVisible = 0;
		};
/* End XCConfigurationList section */
	};
	rootObject = EB8D7E9F15EEA6D700BDD470 /* Project object */;
}
